
Microsoft Visual Studio Solution File, Format Version 12.00
Project("{2150E333-8FDC-42A3-9474-1A3956D46DE8}") = "Server", "Server", "{2E06856B-282B-45EB-85CB-410A5DAC469B}"
EndProject
Project("{2150E333-8FDC-42A3-9474-1A3956D46DE8}") = "Client", "Client", "{730F6D9E-ECBE-4420-826A-B625D6DF7AD2}"
EndProject
Project("{2150E333-8FDC-42A3-9474-1A3956D46DE8}") = "Shared", "Shared", "{EA1C068E-583B-46B6-8A15-796458071E31}"
EndProject
Project("{FAE04EC0-301F-11D3-BF4B-00C04F79EFBC}") = "API", "Server\API\API.csproj", "{5CAB3BD9-302B-4B91-AC00-DA40E13FAA23}"
EndProject
Project("{FAE04EC0-301F-11D3-BF4B-00C04F79EFBC}") = "Protobuf", "Server\Protobuf\Protobuf.csproj", "{0456DAD3-B360-4F33-B5E2-1D4AD246189D}"
EndProject
Project("{FAE04EC0-301F-11D3-BF4B-00C04F79EFBC}") = "Frontend", "Client\Frontend\Frontend.csproj", "{AC717D4D-8B8E-4721-BF20-BFDF6F466C9E}"
EndProject
Project("{FAE04EC0-301F-11D3-BF4B-00C04F79EFBC}") = "SharedUtil", "Shared\SharedUtil\SharedUtil.csproj", "{6E5C6335-BA3F-45F7-BAA9-D0FD11660A53}"
EndProject
Project("{FAE04EC0-301F-11D3-BF4B-00C04F79EFBC}") = "Dto", "Shared\Dto\Dto.csproj", "{06F2C72D-4D4E-4409-B2A0-CD235FE81A4A}"
EndProject
Project("{FAE04EC0-301F-11D3-BF4B-00C04F79EFBC}") = "API_Test", "Server\API_Test\API_Test.csproj", "{B5A378C4-F7BF-46A8-A0C4-D2EF1AC8C3F5}"
EndProject
Project("{FAE04EC0-301F-11D3-BF4B-00C04F79EFBC}") = "Protobuf_Test", "Server\Protobuf_Test\Protobuf_Test.csproj", "{3D65CA34-24B4-4CEA-8F76-70C9269FCF4D}"
EndProject
Project("{FAE04EC0-301F-11D3-BF4B-00C04F79EFBC}") = "Frontend_Test", "Client\Frontend_Test\Frontend_Test.csproj", "{F209AC1A-67D5-443E-AC1E-EA2EDB3DE126}"
EndProject
Global
	GlobalSection(SolutionConfigurationPlatforms) = preSolution
		Debug|Any CPU = Debug|Any CPU
		Release|Any CPU = Release|Any CPU
	EndGlobalSection
	GlobalSection(NestedProjects) = preSolution
		{5CAB3BD9-302B-4B91-AC00-DA40E13FAA23} = {2E06856B-282B-45EB-85CB-410A5DAC469B}
		{AC717D4D-8B8E-4721-BF20-BFDF6F466C9E} = {730F6D9E-ECBE-4420-826A-B625D6DF7AD2}
		{6E5C6335-BA3F-45F7-BAA9-D0FD11660A53} = {EA1C068E-583B-46B6-8A15-796458071E31}
		{B5A378C4-F7BF-46A8-A0C4-D2EF1AC8C3F5} = {2E06856B-282B-45EB-85CB-410A5DAC469B}
		{06F2C72D-4D4E-4409-B2A0-CD235FE81A4A} = {EA1C068E-583B-46B6-8A15-796458071E31}
		{0456DAD3-B360-4F33-B5E2-1D4AD246189D} = {2E06856B-282B-45EB-85CB-410A5DAC469B}
		{3D65CA34-24B4-4CEA-8F76-70C9269FCF4D} = {2E06856B-282B-45EB-85CB-410A5DAC469B}
		{F209AC1A-67D5-443E-AC1E-EA2EDB3DE126} = {730F6D9E-ECBE-4420-826A-B625D6DF7AD2}
	EndGlobalSection
	GlobalSection(ProjectConfigurationPlatforms) = postSolution
		{5CAB3BD9-302B-4B91-AC00-DA40E13FAA23}.Debug|Any CPU.ActiveCfg = Debug|Any CPU
		{5CAB3BD9-302B-4B91-AC00-DA40E13FAA23}.Debug|Any CPU.Build.0 = Debug|Any CPU
		{5CAB3BD9-302B-4B91-AC00-DA40E13FAA23}.Release|Any CPU.ActiveCfg = Release|Any CPU
		{5CAB3BD9-302B-4B91-AC00-DA40E13FAA23}.Release|Any CPU.Build.0 = Release|Any CPU
		{0456DAD3-B360-4F33-B5E2-1D4AD246189D}.Debug|Any CPU.ActiveCfg = Debug|Any CPU
		{0456DAD3-B360-4F33-B5E2-1D4AD246189D}.Debug|Any CPU.Build.0 = Debug|Any CPU
		{0456DAD3-B360-4F33-B5E2-1D4AD246189D}.Release|Any CPU.ActiveCfg = Release|Any CPU
		{0456DAD3-B360-4F33-B5E2-1D4AD246189D}.Release|Any CPU.Build.0 = Release|Any CPU
		{AC717D4D-8B8E-4721-BF20-BFDF6F466C9E}.Debug|Any CPU.ActiveCfg = Debug|Any CPU
		{AC717D4D-8B8E-4721-BF20-BFDF6F466C9E}.Debug|Any CPU.Build.0 = Debug|Any CPU
		{AC717D4D-8B8E-4721-BF20-BFDF6F466C9E}.Release|Any CPU.ActiveCfg = Release|Any CPU
		{AC717D4D-8B8E-4721-BF20-BFDF6F466C9E}.Release|Any CPU.Build.0 = Release|Any CPU
		{6E5C6335-BA3F-45F7-BAA9-D0FD11660A53}.Debug|Any CPU.ActiveCfg = Debug|Any CPU
		{6E5C6335-BA3F-45F7-BAA9-D0FD11660A53}.Debug|Any CPU.Build.0 = Debug|Any CPU
		{6E5C6335-BA3F-45F7-BAA9-D0FD11660A53}.Release|Any CPU.ActiveCfg = Release|Any CPU
		{6E5C6335-BA3F-45F7-BAA9-D0FD11660A53}.Release|Any CPU.Build.0 = Release|Any CPU
		{06F2C72D-4D4E-4409-B2A0-CD235FE81A4A}.Debug|Any CPU.ActiveCfg = Debug|Any CPU
		{06F2C72D-4D4E-4409-B2A0-CD235FE81A4A}.Debug|Any CPU.Build.0 = Debug|Any CPU
		{06F2C72D-4D4E-4409-B2A0-CD235FE81A4A}.Release|Any CPU.ActiveCfg = Release|Any CPU
		{06F2C72D-4D4E-4409-B2A0-CD235FE81A4A}.Release|Any CPU.Build.0 = Release|Any CPU
		{B5A378C4-F7BF-46A8-A0C4-D2EF1AC8C3F5}.Debug|Any CPU.ActiveCfg = Debug|Any CPU
		{B5A378C4-F7BF-46A8-A0C4-D2EF1AC8C3F5}.Debug|Any CPU.Build.0 = Debug|Any CPU
		{B5A378C4-F7BF-46A8-A0C4-D2EF1AC8C3F5}.Release|Any CPU.ActiveCfg = Release|Any CPU
		{B5A378C4-F7BF-46A8-A0C4-D2EF1AC8C3F5}.Release|Any CPU.Build.0 = Release|Any CPU
		{3D65CA34-24B4-4CEA-8F76-70C9269FCF4D}.Debug|Any CPU.ActiveCfg = Debug|Any CPU
		{3D65CA34-24B4-4CEA-8F76-70C9269FCF4D}.Debug|Any CPU.Build.0 = Debug|Any CPU
		{3D65CA34-24B4-4CEA-8F76-70C9269FCF4D}.Release|Any CPU.ActiveCfg = Release|Any CPU
		{3D65CA34-24B4-4CEA-8F76-70C9269FCF4D}.Release|Any CPU.Build.0 = Release|Any CPU
		{F209AC1A-67D5-443E-AC1E-EA2EDB3DE126}.Debug|Any CPU.ActiveCfg = Debug|Any CPU
		{F209AC1A-67D5-443E-AC1E-EA2EDB3DE126}.Debug|Any CPU.Build.0 = Debug|Any CPU
		{F209AC1A-67D5-443E-AC1E-EA2EDB3DE126}.Release|Any CPU.ActiveCfg = Release|Any CPU
		{F209AC1A-67D5-443E-AC1E-EA2EDB3DE126}.Release|Any CPU.Build.0 = Release|Any CPU
	EndGlobalSection
EndGlobal
