
Microsoft Visual Studio Solution File, Format Version 12.00
Project("{2150E333-8FDC-42A3-9474-1A3956D46DE8}") = "Server", "Server", "{2E06856B-282B-45EB-85CB-410A5DAC469B}"
EndProject
Project("{2150E333-8FDC-42A3-9474-1A3956D46DE8}") = "Client", "Client", "{730F6D9E-ECBE-4420-826A-B625D6DF7AD2}"
EndProject
Project("{2150E333-8FDC-42A3-9474-1A3956D46DE8}") = "Shared", "Shared", "{EA1C068E-583B-46B6-8A15-796458071E31}"
EndProject
Project("{FAE04EC0-301F-11D3-BF4B-00C04F79EFBC}") = "Entities", "Shared\Entities\Entities.csproj", "{C29B784C-EC13-4005-B2AB-B6D8CBEFCFDC}"
EndProject
Global
	GlobalSection(SolutionConfigurationPlatforms) = preSolution
		Debug|Any CPU = Debug|Any CPU
		Release|Any CPU = Release|Any CPU
	EndGlobalSection
	GlobalSection(NestedProjects) = preSolution
		{C29B784C-EC13-4005-B2AB-B6D8CBEFCFDC} = {EA1C068E-583B-46B6-8A15-796458071E31}
	EndGlobalSection
	GlobalSection(ProjectConfigurationPlatforms) = postSolution
		{C29B784C-EC13-4005-B2AB-B6D8CBEFCFDC}.Debug|Any CPU.ActiveCfg = Debug|Any CPU
		{C29B784C-EC13-4005-B2AB-B6D8CBEFCFDC}.Debug|Any CPU.Build.0 = Debug|Any CPU
		{C29B784C-EC13-4005-B2AB-B6D8CBEFCFDC}.Release|Any CPU.ActiveCfg = Release|Any CPU
		{C29B784C-EC13-4005-B2AB-B6D8CBEFCFDC}.Release|Any CPU.Build.0 = Release|Any CPU
	EndGlobalSection
EndGlobal
